// !$*UTF8*$!
{
	archiveVersion = 1;
	classes = {
	};
	objectVersion = 50;
	objects = {

/* Begin PBXBuildFile section */
		F60234A7257F282D00F4E980 /* AppDelegate.swift in Sources */ = {isa = PBXBuildFile; fileRef = F60234A6257F282D00F4E980 /* AppDelegate.swift */; };
		F60234A9257F282D00F4E980 /* SceneDelegate.swift in Sources */ = {isa = PBXBuildFile; fileRef = F60234A8257F282D00F4E980 /* SceneDelegate.swift */; };
		F60234AB257F282D00F4E980 /* MealViewController.swift in Sources */ = {isa = PBXBuildFile; fileRef = F60234AA257F282D00F4E980 /* MealViewController.swift */; };
		F60234AE257F282D00F4E980 /* Main.storyboard in Resources */ = {isa = PBXBuildFile; fileRef = F60234AC257F282D00F4E980 /* Main.storyboard */; };
		F60234B0257F282F00F4E980 /* Assets.xcassets in Resources */ = {isa = PBXBuildFile; fileRef = F60234AF257F282F00F4E980 /* Assets.xcassets */; };
		F60234B3257F282F00F4E980 /* LaunchScreen.storyboard in Resources */ = {isa = PBXBuildFile; fileRef = F60234B1257F282F00F4E980 /* LaunchScreen.storyboard */; };
		F60234BE257F282F00F4E980 /* FoodTrackerTests.swift in Sources */ = {isa = PBXBuildFile; fileRef = F60234BD257F282F00F4E980 /* FoodTrackerTests.swift */; };
		F60234C9257F282F00F4E980 /* FoodTrackerUITests.swift in Sources */ = {isa = PBXBuildFile; fileRef = F60234C8257F282F00F4E980 /* FoodTrackerUITests.swift */; };
		F6023564257FF90100F4E980 /* RatingControl.swift in Sources */ = {isa = PBXBuildFile; fileRef = F6023563257FF90100F4E980 /* RatingControl.swift */; };
		F649EDF725807DF0001B8E00 /* Meal.swift in Sources */ = {isa = PBXBuildFile; fileRef = F649EDF625807DF0001B8E00 /* Meal.swift */; };
		F649EDFF258088C0001B8E00 /* MealTableViewCell.swift in Sources */ = {isa = PBXBuildFile; fileRef = F649EDFE258088C0001B8E00 /* MealTableViewCell.swift */; };
		F649EE0425808DE8001B8E00 /* MealTableViewController.swift in Sources */ = {isa = PBXBuildFile; fileRef = F649EE0325808DE8001B8E00 /* MealTableViewController.swift */; };
/* End PBXBuildFile section */

/* Begin PBXContainerItemProxy section */
		F60234BA257F282F00F4E980 /* PBXContainerItemProxy */ = {
			isa = PBXContainerItemProxy;
			containerPortal = F602349B257F282D00F4E980 /* Project object */;
			proxyType = 1;
			remoteGlobalIDString = F60234A2257F282D00F4E980;
			remoteInfo = FoodTracker;
		};
		F60234C5257F282F00F4E980 /* PBXContainerItemProxy */ = {
			isa = PBXContainerItemProxy;
			containerPortal = F602349B257F282D00F4E980 /* Project object */;
			proxyType = 1;
			remoteGlobalIDString = F60234A2257F282D00F4E980;
			remoteInfo = FoodTracker;
		};
/* End PBXContainerItemProxy section */

/* Begin PBXFileReference section */
		F60234A3257F282D00F4E980 /* FoodTracker.app */ = {isa = PBXFileReference; explicitFileType = wrapper.application; includeInIndex = 0; path = FoodTracker.app; sourceTree = BUILT_PRODUCTS_DIR; };
		F60234A6257F282D00F4E980 /* AppDelegate.swift */ = {isa = PBXFileReference; lastKnownFileType = sourcecode.swift; path = AppDelegate.swift; sourceTree = "<group>"; };
		F60234A8257F282D00F4E980 /* SceneDelegate.swift */ = {isa = PBXFileReference; lastKnownFileType = sourcecode.swift; path = SceneDelegate.swift; sourceTree = "<group>"; };
		F60234AA257F282D00F4E980 /* MealViewController.swift */ = {isa = PBXFileReference; lastKnownFileType = sourcecode.swift; path = MealViewController.swift; sourceTree = "<group>"; };
		F60234AD257F282D00F4E980 /* Base */ = {isa = PBXFileReference; lastKnownFileType = file.storyboard; name = Base; path = Base.lproj/Main.storyboard; sourceTree = "<group>"; };
		F60234AF257F282F00F4E980 /* Assets.xcassets */ = {isa = PBXFileReference; lastKnownFileType = folder.assetcatalog; path = Assets.xcassets; sourceTree = "<group>"; };
		F60234B2257F282F00F4E980 /* Base */ = {isa = PBXFileReference; lastKnownFileType = file.storyboard; name = Base; path = Base.lproj/LaunchScreen.storyboard; sourceTree = "<group>"; };
		F60234B4257F282F00F4E980 /* Info.plist */ = {isa = PBXFileReference; lastKnownFileType = text.plist.xml; path = Info.plist; sourceTree = "<group>"; };
		F60234B9257F282F00F4E980 /* FoodTrackerTests.xctest */ = {isa = PBXFileReference; explicitFileType = wrapper.cfbundle; includeInIndex = 0; path = FoodTrackerTests.xctest; sourceTree = BUILT_PRODUCTS_DIR; };
		F60234BD257F282F00F4E980 /* FoodTrackerTests.swift */ = {isa = PBXFileReference; lastKnownFileType = sourcecode.swift; path = FoodTrackerTests.swift; sourceTree = "<group>"; };
		F60234BF257F282F00F4E980 /* Info.plist */ = {isa = PBXFileReference; lastKnownFileType = text.plist.xml; path = Info.plist; sourceTree = "<group>"; };
		F60234C4257F282F00F4E980 /* FoodTrackerUITests.xctest */ = {isa = PBXFileReference; explicitFileType = wrapper.cfbundle; includeInIndex = 0; path = FoodTrackerUITests.xctest; sourceTree = BUILT_PRODUCTS_DIR; };
		F60234C8257F282F00F4E980 /* FoodTrackerUITests.swift */ = {isa = PBXFileReference; lastKnownFileType = sourcecode.swift; path = FoodTrackerUITests.swift; sourceTree = "<group>"; };
		F60234CA257F282F00F4E980 /* Info.plist */ = {isa = PBXFileReference; lastKnownFileType = text.plist.xml; path = Info.plist; sourceTree = "<group>"; };
		F6023563257FF90100F4E980 /* RatingControl.swift */ = {isa = PBXFileReference; lastKnownFileType = sourcecode.swift; path = RatingControl.swift; sourceTree = "<group>"; };
		F649EDF625807DF0001B8E00 /* Meal.swift */ = {isa = PBXFileReference; lastKnownFileType = sourcecode.swift; path = Meal.swift; sourceTree = "<group>"; };
		F649EDFE258088C0001B8E00 /* MealTableViewCell.swift */ = {isa = PBXFileReference; lastKnownFileType = sourcecode.swift; path = MealTableViewCell.swift; sourceTree = "<group>"; };
		F649EE0325808DE8001B8E00 /* MealTableViewController.swift */ = {isa = PBXFileReference; lastKnownFileType = sourcecode.swift; path = MealTableViewController.swift; sourceTree = "<group>"; };
/* End PBXFileReference section */

/* Begin PBXFrameworksBuildPhase section */
		F60234A0257F282D00F4E980 /* Frameworks */ = {
			isa = PBXFrameworksBuildPhase;
			buildActionMask = 2147483647;
			files = (
			);
			runOnlyForDeploymentPostprocessing = 0;
		};
		F60234B6257F282F00F4E980 /* Frameworks */ = {
			isa = PBXFrameworksBuildPhase;
			buildActionMask = 2147483647;
			files = (
			);
			runOnlyForDeploymentPostprocessing = 0;
		};
		F60234C1257F282F00F4E980 /* Frameworks */ = {
			isa = PBXFrameworksBuildPhase;
			buildActionMask = 2147483647;
			files = (
			);
			runOnlyForDeploymentPostprocessing = 0;
		};
/* End PBXFrameworksBuildPhase section */

/* Begin PBXGroup section */
		F602349A257F282D00F4E980 = {
			isa = PBXGroup;
			children = (
				F60234A5257F282D00F4E980 /* FoodTracker */,
				F60234BC257F282F00F4E980 /* FoodTrackerTests */,
				F60234C7257F282F00F4E980 /* FoodTrackerUITests */,
				F60234A4257F282D00F4E980 /* Products */,
			);
			sourceTree = "<group>";
		};
		F60234A4257F282D00F4E980 /* Products */ = {
			isa = PBXGroup;
			children = (
				F60234A3257F282D00F4E980 /* FoodTracker.app */,
				F60234B9257F282F00F4E980 /* FoodTrackerTests.xctest */,
				F60234C4257F282F00F4E980 /* FoodTrackerUITests.xctest */,
			);
			name = Products;
			sourceTree = "<group>";
		};
		F60234A5257F282D00F4E980 /* FoodTracker */ = {
			isa = PBXGroup;
			children = (
				F649EDF525807D9A001B8E00 /* Models */,
				F602355D257FF84600F4E980 /* Delegates */,
				F602355C257FF83C00F4E980 /* ViewControllers */,
				F602355B257FF83500F4E980 /* Views */,
				F60234AF257F282F00F4E980 /* Assets.xcassets */,
				F60234B4257F282F00F4E980 /* Info.plist */,
			);
			path = FoodTracker;
			sourceTree = "<group>";
		};
		F60234BC257F282F00F4E980 /* FoodTrackerTests */ = {
			isa = PBXGroup;
			children = (
				F60234BD257F282F00F4E980 /* FoodTrackerTests.swift */,
				F60234BF257F282F00F4E980 /* Info.plist */,
			);
			path = FoodTrackerTests;
			sourceTree = "<group>";
		};
		F60234C7257F282F00F4E980 /* FoodTrackerUITests */ = {
			isa = PBXGroup;
			children = (
				F60234C8257F282F00F4E980 /* FoodTrackerUITests.swift */,
				F60234CA257F282F00F4E980 /* Info.plist */,
			);
			path = FoodTrackerUITests;
			sourceTree = "<group>";
		};
		F602355B257FF83500F4E980 /* Views */ = {
			isa = PBXGroup;
			children = (
				F602355F257FF85700F4E980 /* Views */,
				F602355E257FF85000F4E980 /* Storyboards */,
			);
			path = Views;
			sourceTree = "<group>";
		};
		F602355C257FF83C00F4E980 /* ViewControllers */ = {
			isa = PBXGroup;
			children = (
				F60234AA257F282D00F4E980 /* MealViewController.swift */,
				F649EE0325808DE8001B8E00 /* MealTableViewController.swift */,
			);
			path = ViewControllers;
			sourceTree = "<group>";
		};
		F602355D257FF84600F4E980 /* Delegates */ = {
			isa = PBXGroup;
			children = (
				F60234A8257F282D00F4E980 /* SceneDelegate.swift */,
				F60234A6257F282D00F4E980 /* AppDelegate.swift */,
			);
			path = Delegates;
			sourceTree = "<group>";
		};
		F602355E257FF85000F4E980 /* Storyboards */ = {
			isa = PBXGroup;
			children = (
				F60234B1257F282F00F4E980 /* LaunchScreen.storyboard */,
				F60234AC257F282D00F4E980 /* Main.storyboard */,
			);
			path = Storyboards;
			sourceTree = "<group>";
		};
		F602355F257FF85700F4E980 /* Views */ = {
			isa = PBXGroup;
			children = (
				F6023563257FF90100F4E980 /* RatingControl.swift */,
				F649EDFE258088C0001B8E00 /* MealTableViewCell.swift */,
			);
			path = Views;
			sourceTree = "<group>";
		};
		F649EDF525807D9A001B8E00 /* Models */ = {
			isa = PBXGroup;
			children = (
				F649EDF625807DF0001B8E00 /* Meal.swift */,
			);
			path = Models;
			sourceTree = "<group>";
		};
/* End PBXGroup section */

/* Begin PBXNativeTarget section */
		F60234A2257F282D00F4E980 /* FoodTracker */ = {
			isa = PBXNativeTarget;
			buildConfigurationList = F60234CD257F282F00F4E980 /* Build configuration list for PBXNativeTarget "FoodTracker" */;
			buildPhases = (
				F602349F257F282D00F4E980 /* Sources */,
				F60234A0257F282D00F4E980 /* Frameworks */,
				F60234A1257F282D00F4E980 /* Resources */,
			);
			buildRules = (
			);
			dependencies = (
			);
			name = FoodTracker;
			productName = FoodTracker;
			productReference = F60234A3257F282D00F4E980 /* FoodTracker.app */;
			productType = "com.apple.product-type.application";
		};
		F60234B8257F282F00F4E980 /* FoodTrackerTests */ = {
			isa = PBXNativeTarget;
			buildConfigurationList = F60234D0257F282F00F4E980 /* Build configuration list for PBXNativeTarget "FoodTrackerTests" */;
			buildPhases = (
				F60234B5257F282F00F4E980 /* Sources */,
				F60234B6257F282F00F4E980 /* Frameworks */,
				F60234B7257F282F00F4E980 /* Resources */,
			);
			buildRules = (
			);
			dependencies = (
				F60234BB257F282F00F4E980 /* PBXTargetDependency */,
			);
			name = FoodTrackerTests;
			productName = FoodTrackerTests;
			productReference = F60234B9257F282F00F4E980 /* FoodTrackerTests.xctest */;
			productType = "com.apple.product-type.bundle.unit-test";
		};
		F60234C3257F282F00F4E980 /* FoodTrackerUITests */ = {
			isa = PBXNativeTarget;
			buildConfigurationList = F60234D3257F282F00F4E980 /* Build configuration list for PBXNativeTarget "FoodTrackerUITests" */;
			buildPhases = (
				F60234C0257F282F00F4E980 /* Sources */,
				F60234C1257F282F00F4E980 /* Frameworks */,
				F60234C2257F282F00F4E980 /* Resources */,
			);
			buildRules = (
			);
			dependencies = (
				F60234C6257F282F00F4E980 /* PBXTargetDependency */,
			);
			name = FoodTrackerUITests;
			productName = FoodTrackerUITests;
			productReference = F60234C4257F282F00F4E980 /* FoodTrackerUITests.xctest */;
			productType = "com.apple.product-type.bundle.ui-testing";
		};
/* End PBXNativeTarget section */

/* Begin PBXProject section */
		F602349B257F282D00F4E980 /* Project object */ = {
			isa = PBXProject;
			attributes = {
				LastSwiftUpdateCheck = 1220;
				LastUpgradeCheck = 1220;
				TargetAttributes = {
					F60234A2257F282D00F4E980 = {
						CreatedOnToolsVersion = 12.2;
					};
					F60234B8257F282F00F4E980 = {
						CreatedOnToolsVersion = 12.2;
						TestTargetID = F60234A2257F282D00F4E980;
					};
					F60234C3257F282F00F4E980 = {
						CreatedOnToolsVersion = 12.2;
						TestTargetID = F60234A2257F282D00F4E980;
					};
				};
			};
			buildConfigurationList = F602349E257F282D00F4E980 /* Build configuration list for PBXProject "FoodTracker" */;
			compatibilityVersion = "Xcode 9.3";
			developmentRegion = en;
			hasScannedForEncodings = 0;
			knownRegions = (
				en,
				Base,
			);
			mainGroup = F602349A257F282D00F4E980;
			productRefGroup = F60234A4257F282D00F4E980 /* Products */;
			projectDirPath = "";
			projectRoot = "";
			targets = (
				F60234A2257F282D00F4E980 /* FoodTracker */,
				F60234B8257F282F00F4E980 /* FoodTrackerTests */,
				F60234C3257F282F00F4E980 /* FoodTrackerUITests */,
			);
		};
/* End PBXProject section */

/* Begin PBXResourcesBuildPhase section */
		F60234A1257F282D00F4E980 /* Resources */ = {
			isa = PBXResourcesBuildPhase;
			buildActionMask = 2147483647;
			files = (
				F60234B3257F282F00F4E980 /* LaunchScreen.storyboard in Resources */,
				F60234B0257F282F00F4E980 /* Assets.xcassets in Resources */,
				F60234AE257F282D00F4E980 /* Main.storyboard in Resources */,
			);
			runOnlyForDeploymentPostprocessing = 0;
		};
		F60234B7257F282F00F4E980 /* Resources */ = {
			isa = PBXResourcesBuildPhase;
			buildActionMask = 2147483647;
			files = (
			);
			runOnlyForDeploymentPostprocessing = 0;
		};
		F60234C2257F282F00F4E980 /* Resources */ = {
			isa = PBXResourcesBuildPhase;
			buildActionMask = 2147483647;
			files = (
			);
			runOnlyForDeploymentPostprocessing = 0;
		};
/* End PBXResourcesBuildPhase section */

/* Begin PBXSourcesBuildPhase section */
		F602349F257F282D00F4E980 /* Sources */ = {
			isa = PBXSourcesBuildPhase;
			buildActionMask = 2147483647;
			files = (
				F649EDF725807DF0001B8E00 /* Meal.swift in Sources */,
				F6023564257FF90100F4E980 /* RatingControl.swift in Sources */,
				F649EE0425808DE8001B8E00 /* MealTableViewController.swift in Sources */,
				F649EDFF258088C0001B8E00 /* MealTableViewCell.swift in Sources */,
				F60234AB257F282D00F4E980 /* MealViewController.swift in Sources */,
				F60234A7257F282D00F4E980 /* AppDelegate.swift in Sources */,
				F60234A9257F282D00F4E980 /* SceneDelegate.swift in Sources */,
			);
			runOnlyForDeploymentPostprocessing = 0;
		};
		F60234B5257F282F00F4E980 /* Sources */ = {
			isa = PBXSourcesBuildPhase;
			buildActionMask = 2147483647;
			files = (
				F60234BE257F282F00F4E980 /* FoodTrackerTests.swift in Sources */,
			);
			runOnlyForDeploymentPostprocessing = 0;
		};
		F60234C0257F282F00F4E980 /* Sources */ = {
			isa = PBXSourcesBuildPhase;
			buildActionMask = 2147483647;
			files = (
				F60234C9257F282F00F4E980 /* FoodTrackerUITests.swift in Sources */,
			);
			runOnlyForDeploymentPostprocessing = 0;
		};
/* End PBXSourcesBuildPhase section */

/* Begin PBXTargetDependency section */
		F60234BB257F282F00F4E980 /* PBXTargetDependency */ = {
			isa = PBXTargetDependency;
			target = F60234A2257F282D00F4E980 /* FoodTracker */;
			targetProxy = F60234BA257F282F00F4E980 /* PBXContainerItemProxy */;
		};
		F60234C6257F282F00F4E980 /* PBXTargetDependency */ = {
			isa = PBXTargetDependency;
			target = F60234A2257F282D00F4E980 /* FoodTracker */;
			targetProxy = F60234C5257F282F00F4E980 /* PBXContainerItemProxy */;
		};
/* End PBXTargetDependency section */

/* Begin PBXVariantGroup section */
		F60234AC257F282D00F4E980 /* Main.storyboard */ = {
			isa = PBXVariantGroup;
			children = (
				F60234AD257F282D00F4E980 /* Base */,
			);
			name = Main.storyboard;
			sourceTree = "<group>";
		};
		F60234B1257F282F00F4E980 /* LaunchScreen.storyboard */ = {
			isa = PBXVariantGroup;
			children = (
				F60234B2257F282F00F4E980 /* Base */,
			);
			name = LaunchScreen.storyboard;
			sourceTree = "<group>";
		};
/* End PBXVariantGroup section */

/* Begin XCBuildConfiguration section */
		F60234CB257F282F00F4E980 /* Debug */ = {
			isa = XCBuildConfiguration;
			buildSettings = {
				ALWAYS_SEARCH_USER_PATHS = NO;
				CLANG_ANALYZER_NONNULL = YES;
				CLANG_ANALYZER_NUMBER_OBJECT_CONVERSION = YES_AGGRESSIVE;
				CLANG_CXX_LANGUAGE_STANDARD = "gnu++14";
				CLANG_CXX_LIBRARY = "libc++";
				CLANG_ENABLE_MODULES = YES;
				CLANG_ENABLE_OBJC_ARC = YES;
				CLANG_ENABLE_OBJC_WEAK = YES;
				CLANG_WARN_BLOCK_CAPTURE_AUTORELEASING = YES;
				CLANG_WARN_BOOL_CONVERSION = YES;
				CLANG_WARN_COMMA = YES;
				CLANG_WARN_CONSTANT_CONVERSION = YES;
				CLANG_WARN_DEPRECATED_OBJC_IMPLEMENTATIONS = YES;
				CLANG_WARN_DIRECT_OBJC_ISA_USAGE = YES_ERROR;
				CLANG_WARN_DOCUMENTATION_COMMENTS = YES;
				CLANG_WARN_EMPTY_BODY = YES;
				CLANG_WARN_ENUM_CONVERSION = YES;
				CLANG_WARN_INFINITE_RECURSION = YES;
				CLANG_WARN_INT_CONVERSION = YES;
				CLANG_WARN_NON_LITERAL_NULL_CONVERSION = YES;
				CLANG_WARN_OBJC_IMPLICIT_RETAIN_SELF = YES;
				CLANG_WARN_OBJC_LITERAL_CONVERSION = YES;
				CLANG_WARN_OBJC_ROOT_CLASS = YES_ERROR;
				CLANG_WARN_QUOTED_INCLUDE_IN_FRAMEWORK_HEADER = YES;
				CLANG_WARN_RANGE_LOOP_ANALYSIS = YES;
				CLANG_WARN_STRICT_PROTOTYPES = YES;
				CLANG_WARN_SUSPICIOUS_MOVE = YES;
				CLANG_WARN_UNGUARDED_AVAILABILITY = YES_AGGRESSIVE;
				CLANG_WARN_UNREACHABLE_CODE = YES;
				CLANG_WARN__DUPLICATE_METHOD_MATCH = YES;
				COPY_PHASE_STRIP = NO;
				DEBUG_INFORMATION_FORMAT = dwarf;
				ENABLE_STRICT_OBJC_MSGSEND = YES;
				ENABLE_TESTABILITY = YES;
				GCC_C_LANGUAGE_STANDARD = gnu11;
				GCC_DYNAMIC_NO_PIC = NO;
				GCC_NO_COMMON_BLOCKS = YES;
				GCC_OPTIMIZATION_LEVEL = 0;
				GCC_PREPROCESSOR_DEFINITIONS = (
					"DEBUG=1",
					"$(inherited)",
				);
				GCC_WARN_64_TO_32_BIT_CONVERSION = YES;
				GCC_WARN_ABOUT_RETURN_TYPE = YES_ERROR;
				GCC_WARN_UNDECLARED_SELECTOR = YES;
				GCC_WARN_UNINITIALIZED_AUTOS = YES_AGGRESSIVE;
				GCC_WARN_UNUSED_FUNCTION = YES;
				GCC_WARN_UNUSED_VARIABLE = YES;
				IPHONEOS_DEPLOYMENT_TARGET = 14.2;
				MTL_ENABLE_DEBUG_INFO = INCLUDE_SOURCE;
				MTL_FAST_MATH = YES;
				ONLY_ACTIVE_ARCH = YES;
				SDKROOT = iphoneos;
				SWIFT_ACTIVE_COMPILATION_CONDITIONS = DEBUG;
				SWIFT_OPTIMIZATION_LEVEL = "-Onone";
			};
			name = Debug;
		};
		F60234CC257F282F00F4E980 /* Release */ = {
			isa = XCBuildConfiguration;
			buildSettings = {
				ALWAYS_SEARCH_USER_PATHS = NO;
				CLANG_ANALYZER_NONNULL = YES;
				CLANG_ANALYZER_NUMBER_OBJECT_CONVERSION = YES_AGGRESSIVE;
				CLANG_CXX_LANGUAGE_STANDARD = "gnu++14";
				CLANG_CXX_LIBRARY = "libc++";
				CLANG_ENABLE_MODULES = YES;
				CLANG_ENABLE_OBJC_ARC = YES;
				CLANG_ENABLE_OBJC_WEAK = YES;
				CLANG_WARN_BLOCK_CAPTURE_AUTORELEASING = YES;
				CLANG_WARN_BOOL_CONVERSION = YES;
				CLANG_WARN_COMMA = YES;
				CLANG_WARN_CONSTANT_CONVERSION = YES;
				CLANG_WARN_DEPRECATED_OBJC_IMPLEMENTATIONS = YES;
				CLANG_WARN_DIRECT_OBJC_ISA_USAGE = YES_ERROR;
				CLANG_WARN_DOCUMENTATION_COMMENTS = YES;
				CLANG_WARN_EMPTY_BODY = YES;
				CLANG_WARN_ENUM_CONVERSION = YES;
				CLANG_WARN_INFINITE_RECURSION = YES;
				CLANG_WARN_INT_CONVERSION = YES;
				CLANG_WARN_NON_LITERAL_NULL_CONVERSION = YES;
				CLANG_WARN_OBJC_IMPLICIT_RETAIN_SELF = YES;
				CLANG_WARN_OBJC_LITERAL_CONVERSION = YES;
				CLANG_WARN_OBJC_ROOT_CLASS = YES_ERROR;
				CLANG_WARN_QUOTED_INCLUDE_IN_FRAMEWORK_HEADER = YES;
				CLANG_WARN_RANGE_LOOP_ANALYSIS = YES;
				CLANG_WARN_STRICT_PROTOTYPES = YES;
				CLANG_WARN_SUSPICIOUS_MOVE = YES;
				CLANG_WARN_UNGUARDED_AVAILABILITY = YES_AGGRESSIVE;
				CLANG_WARN_UNREACHABLE_CODE = YES;
				CLANG_WARN__DUPLICATE_METHOD_MATCH = YES;
				COPY_PHASE_STRIP = NO;
				DEBUG_INFORMATION_FORMAT = "dwarf-with-dsym";
				ENABLE_NS_ASSERTIONS = NO;
				ENABLE_STRICT_OBJC_MSGSEND = YES;
				GCC_C_LANGUAGE_STANDARD = gnu11;
				GCC_NO_COMMON_BLOCKS = YES;
				GCC_WARN_64_TO_32_BIT_CONVERSION = YES;
				GCC_WARN_ABOUT_RETURN_TYPE = YES_ERROR;
				GCC_WARN_UNDECLARED_SELECTOR = YES;
				GCC_WARN_UNINITIALIZED_AUTOS = YES_AGGRESSIVE;
				GCC_WARN_UNUSED_FUNCTION = YES;
				GCC_WARN_UNUSED_VARIABLE = YES;
				IPHONEOS_DEPLOYMENT_TARGET = 14.2;
				MTL_ENABLE_DEBUG_INFO = NO;
				MTL_FAST_MATH = YES;
				SDKROOT = iphoneos;
				SWIFT_COMPILATION_MODE = wholemodule;
				SWIFT_OPTIMIZATION_LEVEL = "-O";
				VALIDATE_PRODUCT = YES;
			};
			name = Release;
		};
		F60234CE257F282F00F4E980 /* Debug */ = {
			isa = XCBuildConfiguration;
			buildSettings = {
				ASSETCATALOG_COMPILER_APPICON_NAME = AppIcon;
				ASSETCATALOG_COMPILER_GLOBAL_ACCENT_COLOR_NAME = AccentColor;
				CODE_SIGN_STYLE = Automatic;
				DEVELOPMENT_TEAM = RAPRN32R23;
				INFOPLIST_FILE = FoodTracker/Info.plist;
				LD_RUNPATH_SEARCH_PATHS = (
					"$(inherited)",
					"@executable_path/Frameworks",
				);
				PRODUCT_BUNDLE_IDENTIFIER = com.aganinyakundi.FoodTracker;
				PRODUCT_NAME = "$(TARGET_NAME)";
				SWIFT_VERSION = 5.0;
				TARGETED_DEVICE_FAMILY = 1;
			};
			name = Debug;
		};
		F60234CF257F282F00F4E980 /* Release */ = {
			isa = XCBuildConfiguration;
			buildSettings = {
				ASSETCATALOG_COMPILER_APPICON_NAME = AppIcon;
				ASSETCATALOG_COMPILER_GLOBAL_ACCENT_COLOR_NAME = AccentColor;
				CODE_SIGN_STYLE = Automatic;
				DEVELOPMENT_TEAM = RAPRN32R23;
				INFOPLIST_FILE = FoodTracker/Info.plist;
				LD_RUNPATH_SEARCH_PATHS = (
					"$(inherited)",
					"@executable_path/Frameworks",
				);
				PRODUCT_BUNDLE_IDENTIFIER = com.aganinyakundi.FoodTracker;
				PRODUCT_NAME = "$(TARGET_NAME)";
				SWIFT_VERSION = 5.0;
				TARGETED_DEVICE_FAMILY = 1;
			};
			name = Release;
		};
		F60234D1257F282F00F4E980 /* Debug */ = {
			isa = XCBuildConfiguration;
			buildSettings = {
				ALWAYS_EMBED_SWIFT_STANDARD_LIBRARIES = YES;
				BUNDLE_LOADER = "$(TEST_HOST)";
				CODE_SIGN_STYLE = Automatic;
				DEVELOPMENT_TEAM = RAPRN32R23;
				INFOPLIST_FILE = FoodTrackerTests/Info.plist;
				IPHONEOS_DEPLOYMENT_TARGET = 14.2;
				LD_RUNPATH_SEARCH_PATHS = (
					"$(inherited)",
					"@executable_path/Frameworks",
					"@loader_path/Frameworks",
				);
				PRODUCT_BUNDLE_IDENTIFIER = com.aganinyakundi.FoodTrackerTests;
				PRODUCT_NAME = "$(TARGET_NAME)";
				SWIFT_VERSION = 5.0;
				TARGETED_DEVICE_FAMILY = "1,2";
				TEST_HOST = "$(BUILT_PRODUCTS_DIR)/FoodTracker.app/FoodTracker";
			};
			name = Debug;
		};
		F60234D2257F282F00F4E980 /* Release */ = {
			isa = XCBuildConfiguration;
			buildSettings = {
				ALWAYS_EMBED_SWIFT_STANDARD_LIBRARIES = YES;
				BUNDLE_LOADER = "$(TEST_HOST)";
				CODE_SIGN_STYLE = Automatic;
				DEVELOPMENT_TEAM = RAPRN32R23;
				INFOPLIST_FILE = FoodTrackerTests/Info.plist;
				IPHONEOS_DEPLOYMENT_TARGET = 14.2;
				LD_RUNPATH_SEARCH_PATHS = (
					"$(inherited)",
					"@executable_path/Frameworks",
					"@loader_path/Frameworks",
				);
				PRODUCT_BUNDLE_IDENTIFIER = com.aganinyakundi.FoodTrackerTests;
				PRODUCT_NAME = "$(TARGET_NAME)";
				SWIFT_VERSION = 5.0;
				TARGETED_DEVICE_FAMILY = "1,2";
				TEST_HOST = "$(BUILT_PRODUCTS_DIR)/FoodTracker.app/FoodTracker";
			};
			name = Release;
		};
		F60234D4257F282F00F4E980 /* Debug */ = {
			isa = XCBuildConfiguration;
			buildSettings = {
				ALWAYS_EMBED_SWIFT_STANDARD_LIBRARIES = YES;
				CODE_SIGN_STYLE = Automatic;
				DEVELOPMENT_TEAM = RAPRN32R23;
				INFOPLIST_FILE = FoodTrackerUITests/Info.plist;
				LD_RUNPATH_SEARCH_PATHS = (
					"$(inherited)",
					"@executable_path/Frameworks",
					"@loader_path/Frameworks",
				);
				PRODUCT_BUNDLE_IDENTIFIER = com.aganinyakundi.FoodTrackerUITests;
				PRODUCT_NAME = "$(TARGET_NAME)";
				SWIFT_VERSION = 5.0;
				TARGETED_DEVICE_FAMILY = "1,2";
				TEST_TARGET_NAME = FoodTracker;
			};
			name = Debug;
		};
		F60234D5257F282F00F4E980 /* Release */ = {
			isa = XCBuildConfiguration;
			buildSettings = {
				ALWAYS_EMBED_SWIFT_STANDARD_LIBRARIES = YES;
				CODE_SIGN_STYLE = Automatic;
				DEVELOPMENT_TEAM = RAPRN32R23;
				INFOPLIST_FILE = FoodTrackerUITests/Info.plist;
				LD_RUNPATH_SEARCH_PATHS = (
					"$(inherited)",
					"@executable_path/Frameworks",
					"@loader_path/Frameworks",
				);
				PRODUCT_BUNDLE_IDENTIFIER = com.aganinyakundi.FoodTrackerUITests;
				PRODUCT_NAME = "$(TARGET_NAME)";
				SWIFT_VERSION = 5.0;
				TARGETED_DEVICE_FAMILY = "1,2";
				TEST_TARGET_NAME = FoodTracker;
			};
			name = Release;
		};
/* End XCBuildConfiguration section */

/* Begin XCConfigurationList section */
		F602349E257F282D00F4E980 /* Build configuration list for PBXProject "FoodTracker" */ = {
			isa = XCConfigurationList;
			buildConfigurations = (
				F60234CB257F282F00F4E980 /* Debug */,
				F60234CC257F282F00F4E980 /* Release */,
			);
			defaultConfigurationIsVisible = 0;
			defaultConfigurationName = Release;
		};
		F60234CD257F282F00F4E980 /* Build configuration list for PBXNativeTarget "FoodTracker" */ = {
			isa = XCConfigurationList;
			buildConfigurations = (
				F60234CE257F282F00F4E980 /* Debug */,
				F60234CF257F282F00F4E980 /* Release */,
			);
			defaultConfigurationIsVisible = 0;
			defaultConfigurationName = Release;
		};
		F60234D0257F282F00F4E980 /* Build configuration list for PBXNativeTarget "FoodTrackerTests" */ = {
			isa = XCConfigurationList;
			buildConfigurations = (
				F60234D1257F282F00F4E980 /* Debug */,
				F60234D2257F282F00F4E980 /* Release */,
			);
			defaultConfigurationIsVisible = 0;
			defaultConfigurationName = Release;
		};
		F60234D3257F282F00F4E980 /* Build configuration list for PBXNativeTarget "FoodTrackerUITests" */ = {
			isa = XCConfigurationList;
			buildConfigurations = (
				F60234D4257F282F00F4E980 /* Debug */,
				F60234D5257F282F00F4E980 /* Release */,
			);
			defaultConfigurationIsVisible = 0;
			defaultConfigurationName = Release;
		};
/* End XCConfigurationList section */
	};
	rootObject = F602349B257F282D00F4E980 /* Project object */;
}
